// !$*UTF8*$!
{
	archiveVersion = 1;
	classes = {
	};
	objectVersion = 46;
	objects = {

/* Begin PBXBuildFile section */
		C33A046615FA808800F82FD9 /* UIKit.framework in Frameworks */ = {isa = PBXBuildFile; fileRef = C33A046515FA808800F82FD9 /* UIKit.framework */; };
		C33A046815FA808800F82FD9 /* Foundation.framework in Frameworks */ = {isa = PBXBuildFile; fileRef = C33A046715FA808800F82FD9 /* Foundation.framework */; };
		C33A046A15FA808800F82FD9 /* CoreGraphics.framework in Frameworks */ = {isa = PBXBuildFile; fileRef = C33A046915FA808800F82FD9 /* CoreGraphics.framework */; };
		C33A047E15FA80DF00F82FD9 /* EDAssertEventually.m in Sources */ = {isa = PBXBuildFile; fileRef = C33A047D15FA80DF00F82FD9 /* EDAssertEventually.m */; };
		C33A048515FA815300F82FD9 /* README.md in Resources */ = {isa = PBXBuildFile; fileRef = C33A048415FA815300F82FD9 /* README.md */; };
/* End PBXBuildFile section */

/* Begin PBXFileReference section */
		C33A046115FA808800F82FD9 /* assert.app */ = {isa = PBXFileReference; explicitFileType = wrapper.application; includeInIndex = 0; path = assert.app; sourceTree = BUILT_PRODUCTS_DIR; };
		C33A046515FA808800F82FD9 /* UIKit.framework */ = {isa = PBXFileReference; lastKnownFileType = wrapper.framework; name = UIKit.framework; path = System/Library/Frameworks/UIKit.framework; sourceTree = SDKROOT; };
		C33A046715FA808800F82FD9 /* Foundation.framework */ = {isa = PBXFileReference; lastKnownFileType = wrapper.framework; name = Foundation.framework; path = System/Library/Frameworks/Foundation.framework; sourceTree = SDKROOT; };
		C33A046915FA808800F82FD9 /* CoreGraphics.framework */ = {isa = PBXFileReference; lastKnownFileType = wrapper.framework; name = CoreGraphics.framework; path = System/Library/Frameworks/CoreGraphics.framework; sourceTree = SDKROOT; };
		C33A047C15FA80DF00F82FD9 /* EDAssertEventually.h */ = {isa = PBXFileReference; fileEncoding = 4; lastKnownFileType = sourcecode.c.h; name = EDAssertEventually.h; path = ../EDAssert/EDAssertEventually.h; sourceTree = SOURCE_ROOT; };
		C33A047D15FA80DF00F82FD9 /* EDAssertEventually.m */ = {isa = PBXFileReference; fileEncoding = 4; lastKnownFileType = sourcecode.c.objc; name = EDAssertEventually.m; path = ../EDAssert/EDAssertEventually.m; sourceTree = SOURCE_ROOT; };
		C33A048415FA815300F82FD9 /* README.md */ = {isa = PBXFileReference; fileEncoding = 4; lastKnownFileType = text; name = README.md; path = ../README.md; sourceTree = "<group>"; };
/* End PBXFileReference section */

/* Begin PBXFrameworksBuildPhase section */
		C33A045E15FA808800F82FD9 /* Frameworks */ = {
			isa = PBXFrameworksBuildPhase;
			buildActionMask = 2147483647;
			files = (
				C33A046615FA808800F82FD9 /* UIKit.framework in Frameworks */,
				C33A046815FA808800F82FD9 /* Foundation.framework in Frameworks */,
				C33A046A15FA808800F82FD9 /* CoreGraphics.framework in Frameworks */,
			);
			runOnlyForDeploymentPostprocessing = 0;
		};
/* End PBXFrameworksBuildPhase section */

/* Begin PBXGroup section */
		C33A045615FA808800F82FD9 = {
			isa = PBXGroup;
			children = (
				C33A048415FA815300F82FD9 /* README.md */,
				C33A046B15FA808800F82FD9 /* assert */,
				C33A046415FA808800F82FD9 /* Frameworks */,
				C33A046215FA808800F82FD9 /* Products */,
			);
			sourceTree = "<group>";
		};
		C33A046215FA808800F82FD9 /* Products */ = {
			isa = PBXGroup;
			children = (
				C33A046115FA808800F82FD9 /* assert.app */,
			);
			name = Products;
			sourceTree = "<group>";
		};
		C33A046415FA808800F82FD9 /* Frameworks */ = {
			isa = PBXGroup;
			children = (
				C33A046515FA808800F82FD9 /* UIKit.framework */,
				C33A046715FA808800F82FD9 /* Foundation.framework */,
				C33A046915FA808800F82FD9 /* CoreGraphics.framework */,
			);
			name = Frameworks;
			sourceTree = "<group>";
		};
		C33A046B15FA808800F82FD9 /* assert */ = {
			isa = PBXGroup;
			children = (
				C33A047C15FA80DF00F82FD9 /* EDAssertEventually.h */,
				C33A047D15FA80DF00F82FD9 /* EDAssertEventually.m */,
			);
			path = assert;
			sourceTree = "<group>";
		};
/* End PBXGroup section */

/* Begin PBXNativeTarget section */
		C33A046015FA808800F82FD9 /* assert */ = {
			isa = PBXNativeTarget;
			buildConfigurationList = C33A047915FA808800F82FD9 /* Build configuration list for PBXNativeTarget "assert" */;
			buildPhases = (
				C33A045D15FA808800F82FD9 /* Sources */,
				C33A045E15FA808800F82FD9 /* Frameworks */,
				C33A045F15FA808800F82FD9 /* Resources */,
			);
			buildRules = (
			);
			dependencies = (
			);
			name = assert;
			productName = assert;
			productReference = C33A046115FA808800F82FD9 /* assert.app */;
			productType = "com.apple.product-type.application";
		};
/* End PBXNativeTarget section */

/* Begin PBXProject section */
		C33A045815FA808800F82FD9 /* Project object */ = {
			isa = PBXProject;
			attributes = {
				CLASSPREFIX = ED;
				LastUpgradeCheck = 0440;
				ORGANIZATIONNAME = "Andrew Sliwinski";
			};
			buildConfigurationList = C33A045B15FA808800F82FD9 /* Build configuration list for PBXProject "assert" */;
			compatibilityVersion = "Xcode 3.2";
			developmentRegion = English;
			hasScannedForEncodings = 0;
			knownRegions = (
				en,
			);
			mainGroup = C33A045615FA808800F82FD9;
			productRefGroup = C33A046215FA808800F82FD9 /* Products */;
			projectDirPath = "";
			projectRoot = "";
			targets = (
				C33A046015FA808800F82FD9 /* assert */,
			);
		};
/* End PBXProject section */

/* Begin PBXResourcesBuildPhase section */
		C33A045F15FA808800F82FD9 /* Resources */ = {
			isa = PBXResourcesBuildPhase;
			buildActionMask = 2147483647;
			files = (
				C33A048515FA815300F82FD9 /* README.md in Resources */,
			);
			runOnlyForDeploymentPostprocessing = 0;
		};
/* End PBXResourcesBuildPhase section */

/* Begin PBXSourcesBuildPhase section */
		C33A045D15FA808800F82FD9 /* Sources */ = {
			isa = PBXSourcesBuildPhase;
			buildActionMask = 2147483647;
			files = (
				C33A047E15FA80DF00F82FD9 /* EDAssertEventually.m in Sources */,
			);
			runOnlyForDeploymentPostprocessing = 0;
		};
/* End PBXSourcesBuildPhase section */

/* Begin XCBuildConfiguration section */
		C33A047715FA808800F82FD9 /* Debug */ = {
			isa = XCBuildConfiguration;
			buildSettings = {
				ALWAYS_SEARCH_USER_PATHS = NO;
				ARCHS = "$(ARCHS_STANDARD_32_BIT)";
				CLANG_CXX_LANGUAGE_STANDARD = "gnu++0x";
				CLANG_ENABLE_OBJC_ARC = YES;
				CLANG_WARN__DUPLICATE_METHOD_MATCH = YES;
				"CODE_SIGN_IDENTITY[sdk=iphoneos*]" = "iPhone Developer";
				COPY_PHASE_STRIP = NO;
				GCC_C_LANGUAGE_STANDARD = gnu99;
				GCC_DYNAMIC_NO_PIC = NO;
				GCC_OPTIMIZATION_LEVEL = 0;
				GCC_PREPROCESSOR_DEFINITIONS = (
					"DEBUG=1",
					"$(inherited)",
				);
				GCC_SYMBOLS_PRIVATE_EXTERN = NO;
				GCC_VERSION = com.apple.compilers.llvm.clang.1_0;
				GCC_WARN_ABOUT_RETURN_TYPE = YES;
				GCC_WARN_UNINITIALIZED_AUTOS = YES;
				GCC_WARN_UNUSED_VARIABLE = YES;
				IPHONEOS_DEPLOYMENT_TARGET = 5.1;
				SDKROOT = iphoneos;
			};
			name = Debug;
		};
		C33A047815FA808800F82FD9 /* Release */ = {
			isa = XCBuildConfiguration;
			buildSettings = {
				ALWAYS_SEARCH_USER_PATHS = NO;
				ARCHS = "$(ARCHS_STANDARD_32_BIT)";
				CLANG_CXX_LANGUAGE_STANDARD = "gnu++0x";
				CLANG_ENABLE_OBJC_ARC = YES;
				CLANG_WARN__DUPLICATE_METHOD_MATCH = YES;
				"CODE_SIGN_IDENTITY[sdk=iphoneos*]" = "iPhone Developer";
				COPY_PHASE_STRIP = YES;
				GCC_C_LANGUAGE_STANDARD = gnu99;
				GCC_VERSION = com.apple.compilers.llvm.clang.1_0;
				GCC_WARN_ABOUT_RETURN_TYPE = YES;
				GCC_WARN_UNINITIALIZED_AUTOS = YES;
				GCC_WARN_UNUSED_VARIABLE = YES;
				IPHONEOS_DEPLOYMENT_TARGET = 5.1;
				OTHER_CFLAGS = "-DNS_BLOCK_ASSERTIONS=1";
				SDKROOT = iphoneos;
				VALIDATE_PRODUCT = YES;
			};
			name = Release;
		};
		C33A047A15FA808800F82FD9 /* Debug */ = {
			isa = XCBuildConfiguration;
			buildSettings = {
				GCC_PRECOMPILE_PREFIX_HEADER = YES;
				GCC_PREFIX_HEADER = "assert/assert-Prefix.pch";
				INFOPLIST_FILE = "assert/assert-Info.plist";
				PRODUCT_NAME = "$(TARGET_NAME)";
				WRAPPER_EXTENSION = app;
			};
			name = Debug;
		};
		C33A047B15FA808800F82FD9 /* Release */ = {
			isa = XCBuildConfiguration;
			buildSettings = {
				GCC_PRECOMPILE_PREFIX_HEADER = YES;
				GCC_PREFIX_HEADER = "assert/assert-Prefix.pch";
				INFOPLIST_FILE = "assert/assert-Info.plist";
				PRODUCT_NAME = "$(TARGET_NAME)";
				WRAPPER_EXTENSION = app;
			};
			name = Release;
		};
/* End XCBuildConfiguration section */

/* Begin XCConfigurationList section */
		C33A045B15FA808800F82FD9 /* Build configuration list for PBXProject "assert" */ = {
			isa = XCConfigurationList;
			buildConfigurations = (
				C33A047715FA808800F82FD9 /* Debug */,
				C33A047815FA808800F82FD9 /* Release */,
			);
			defaultConfigurationIsVisible = 0;
			defaultConfigurationName = Release;
		};
		C33A047915FA808800F82FD9 /* Build configuration list for PBXNativeTarget "assert" */ = {
			isa = XCConfigurationList;
			buildConfigurations = (
				C33A047A15FA808800F82FD9 /* Debug */,
				C33A047B15FA808800F82FD9 /* Release */,
			);
			defaultConfigurationIsVisible = 0;
			defaultConfigurationName = Release;
		};
/* End XCConfigurationList section */
	};
	rootObject = C33A045815FA808800F82FD9 /* Project object */;
}
